
Microsoft Visual Studio Solution File, Format Version 12.00
# Visual Studio Version 16
VisualStudioVersion = 16.0.32630.194
MinimumVisualStudioVersion = 10.0.40219.1
Project("{FAE04EC0-301F-11D3-BF4B-00C04F79EFBC}") = "Tw-Homework", "Tw-Homework\Tw-Homework.csproj", "{13C0DAD8-D8DE-47C2-8767-000AC2EF6085}"
EndProject
Global
	GlobalSection(SolutionConfigurationPlatforms) = preSolution
		Debug|Any CPU = Debug|Any CPU
		Release|Any CPU = Release|Any CPU
	EndGlobalSection
	GlobalSection(ProjectConfigurationPlatforms) = postSolution
		{13C0DAD8-D8DE-47C2-8767-000AC2EF6085}.Debug|Any CPU.ActiveCfg = Debug|Any CPU
		{13C0DAD8-D8DE-47C2-8767-000AC2EF6085}.Debug|Any CPU.Build.0 = Debug|Any CPU
		{13C0DAD8-D8DE-47C2-8767-000AC2EF6085}.Release|Any CPU.ActiveCfg = Release|Any CPU
		{13C0DAD8-D8DE-47C2-8767-000AC2EF6085}.Release|Any CPU.Build.0 = Release|Any CPU
	EndGlobalSection
	GlobalSection(SolutionProperties) = preSolution
		HideSolutionNode = FALSE
	EndGlobalSection
	GlobalSection(ExtensibilityGlobals) = postSolution
		SolutionGuid = {286B97DA-3335-4FEA-80A4-03683AC00C35}
	EndGlobalSection
EndGlobal
